
Microsoft Visual Studio Solution File, Format Version 12.00
# Visual Studio Version 17
VisualStudioVersion = 17.9.34607.119
MinimumVisualStudioVersion = 10.0.40219.1
Project("{FAE04EC0-301F-11D3-BF4B-00C04F79EFBC}") = "NAD_A03_Logging_Service", "NAD_A03_Logging_Service\NAD_A03_Logging_Service.csproj", "{4312F775-1502-428C-A761-30A62B27E742}"
EndProject
Global
	GlobalSection(SolutionConfigurationPlatforms) = preSolution
		Debug|Any CPU = Debug|Any CPU
		Release|Any CPU = Release|Any CPU
	EndGlobalSection
	GlobalSection(ProjectConfigurationPlatforms) = postSolution
		{4312F775-1502-428C-A761-30A62B27E742}.Debug|Any CPU.ActiveCfg = Debug|Any CPU
		{4312F775-1502-428C-A761-30A62B27E742}.Debug|Any CPU.Build.0 = Debug|Any CPU
		{4312F775-1502-428C-A761-30A62B27E742}.Release|Any CPU.ActiveCfg = Release|Any CPU
		{4312F775-1502-428C-A761-30A62B27E742}.Release|Any CPU.Build.0 = Release|Any CPU
	EndGlobalSection
	GlobalSection(SolutionProperties) = preSolution
		HideSolutionNode = FALSE
	EndGlobalSection
	GlobalSection(ExtensibilityGlobals) = postSolution
		SolutionGuid = {A6865444-7BE0-411E-934F-F723CF7FD265}
	EndGlobalSection
EndGlobal
